
Microsoft Visual Studio Solution File, Format Version 12.00
# Visual Studio Version 17
VisualStudioVersion = 17.11.35327.3
MinimumVisualStudioVersion = 10.0.40219.1
Project("{FAE04EC0-301F-11D3-BF4B-00C04F79EFBC}") = "examen 2do p", "examen 2do p\examen 2do p.csproj", "{783DAC2A-2350-42EF-8E98-75BA5EDB240D}"
EndProject
Global
	GlobalSection(SolutionConfigurationPlatforms) = preSolution
		Debug|Any CPU = Debug|Any CPU
		Release|Any CPU = Release|Any CPU
	EndGlobalSection
	GlobalSection(ProjectConfigurationPlatforms) = postSolution
		{783DAC2A-2350-42EF-8E98-75BA5EDB240D}.Debug|Any CPU.ActiveCfg = Debug|Any CPU
		{783DAC2A-2350-42EF-8E98-75BA5EDB240D}.Debug|Any CPU.Build.0 = Debug|Any CPU
		{783DAC2A-2350-42EF-8E98-75BA5EDB240D}.Release|Any CPU.ActiveCfg = Release|Any CPU
		{783DAC2A-2350-42EF-8E98-75BA5EDB240D}.Release|Any CPU.Build.0 = Release|Any CPU
	EndGlobalSection
	GlobalSection(SolutionProperties) = preSolution
		HideSolutionNode = FALSE
	EndGlobalSection
	GlobalSection(ExtensibilityGlobals) = postSolution
		SolutionGuid = {1B083305-E691-42EF-BB38-EE955FF95989}
	EndGlobalSection
EndGlobal
